
Microsoft Visual Studio Solution File, Format Version 12.00
# Visual Studio Version 17
VisualStudioVersion = 17.4.33122.133
MinimumVisualStudioVersion = 10.0.40219.1
Project("{FAE04EC0-301F-11D3-BF4B-00C04F79EFBC}") = "App1", "App1\App1.csproj", "{73D6CAF9-8C94-4239-B0AF-7EF6C604B424}"
EndProject
Global
	GlobalSection(SolutionConfigurationPlatforms) = preSolution
		Debug|Any CPU = Debug|Any CPU
		Release|Any CPU = Release|Any CPU
	EndGlobalSection
	GlobalSection(ProjectConfigurationPlatforms) = postSolution
		{73D6CAF9-8C94-4239-B0AF-7EF6C604B424}.Debug|Any CPU.ActiveCfg = Debug|Any CPU
		{73D6CAF9-8C94-4239-B0AF-7EF6C604B424}.Debug|Any CPU.Build.0 = Debug|Any CPU
		{73D6CAF9-8C94-4239-B0AF-7EF6C604B424}.Debug|Any CPU.Deploy.0 = Debug|Any CPU
		{73D6CAF9-8C94-4239-B0AF-7EF6C604B424}.Release|Any CPU.ActiveCfg = Release|Any CPU
		{73D6CAF9-8C94-4239-B0AF-7EF6C604B424}.Release|Any CPU.Build.0 = Release|Any CPU
		{73D6CAF9-8C94-4239-B0AF-7EF6C604B424}.Release|Any CPU.Deploy.0 = Release|Any CPU
	EndGlobalSection
	GlobalSection(SolutionProperties) = preSolution
		HideSolutionNode = FALSE
	EndGlobalSection
	GlobalSection(ExtensibilityGlobals) = postSolution
		SolutionGuid = {8E6E59B7-B251-4BB0-9BAA-A5CFEC02C8A2}
	EndGlobalSection
EndGlobal
